Microsoft Visual Studio Solution File, Format Version 12.00
# Visual Studio Version 17
VisualStudioVersion = 17.5.2.0
MinimumVisualStudioVersion = 10.0.40219.1
Project("{FAE04EC0-301F-11D3-BF4B-00C04F79EFBC}") = "Moutons", "Moutons.csproj", "{BAF9CD47-C7F8-4D15-3679-FD97069D39B0}"
EndProject
Global
	GlobalSection(SolutionConfigurationPlatforms) = preSolution
		Debug|Any CPU = Debug|Any CPU
		Release|Any CPU = Release|Any CPU
	EndGlobalSection
	GlobalSection(ProjectConfigurationPlatforms) = postSolution
		{BAF9CD47-C7F8-4D15-3679-FD97069D39B0}.Debug|Any CPU.ActiveCfg = Debug|Any CPU
		{BAF9CD47-C7F8-4D15-3679-FD97069D39B0}.Debug|Any CPU.Build.0 = Debug|Any CPU
		{BAF9CD47-C7F8-4D15-3679-FD97069D39B0}.Release|Any CPU.ActiveCfg = Release|Any CPU
		{BAF9CD47-C7F8-4D15-3679-FD97069D39B0}.Release|Any CPU.Build.0 = Release|Any CPU
	EndGlobalSection
	GlobalSection(SolutionProperties) = preSolution
		HideSolutionNode = FALSE
	EndGlobalSection
	GlobalSection(ExtensibilityGlobals) = postSolution
		SolutionGuid = {3CD60B59-0E74-43D2-B33E-40BDA5881356}
	EndGlobalSection
EndGlobal
